// !$*UTF8*$!
{
	archiveVersion = 1;
	classes = {
	};
	objectVersion = 55;
	objects = {

/* Begin PBXBuildFile section */
		3914565A2811942A0032B4E6 /* PresenterTests.swift in Sources */ = {isa = PBXBuildFile; fileRef = 391456592811942A0032B4E6 /* PresenterTests.swift */; };
		3914565C281195BE0032B4E6 /* ViewControllerMock.swift in Sources */ = {isa = PBXBuildFile; fileRef = 3914565B281195BE0032B4E6 /* ViewControllerMock.swift */; };
		39145660281566E80032B4E6 /* InteractorTests.swift in Sources */ = {isa = PBXBuildFile; fileRef = 3914565F281566E80032B4E6 /* InteractorTests.swift */; };
		39145662281569B20032B4E6 /* PresenterMock.swift in Sources */ = {isa = PBXBuildFile; fileRef = 39145661281569B20032B4E6 /* PresenterMock.swift */; };
		39145664281569C70032B4E6 /* WorkerMock.swift in Sources */ = {isa = PBXBuildFile; fileRef = 39145663281569C70032B4E6 /* WorkerMock.swift */; };
		391456682816651E0032B4E6 /* ViewController.swift in Sources */ = {isa = PBXBuildFile; fileRef = 391456672816651E0032B4E6 /* ViewController.swift */; };
		396AAD83280D3FC100A3B735 /* NetworkServiceProtocol.swift in Sources */ = {isa = PBXBuildFile; fileRef = 396AAD82280D3FC100A3B735 /* NetworkServiceProtocol.swift */; };
		396AAD8A280EE01E00A3B735 /* MainSceneStorageManager.swift in Sources */ = {isa = PBXBuildFile; fileRef = 396AAD89280EE01E00A3B735 /* MainSceneStorageManager.swift */; };
		396AAD8D2811556700A3B735 /* WorkerTests.swift in Sources */ = {isa = PBXBuildFile; fileRef = 396AAD8C2811556700A3B735 /* WorkerTests.swift */; };
		396AAD8F2811586800A3B735 /* StorageMock.swift in Sources */ = {isa = PBXBuildFile; fileRef = 396AAD8E2811586800A3B735 /* StorageMock.swift */; };
		399B140F28070DAF0020396D /* AppDelegate.swift in Sources */ = {isa = PBXBuildFile; fileRef = 399B140E28070DAF0020396D /* AppDelegate.swift */; };
		399B141128070DAF0020396D /* SceneDelegate.swift in Sources */ = {isa = PBXBuildFile; fileRef = 399B141028070DAF0020396D /* SceneDelegate.swift */; };
		399B141928070DAF0020396D /* WeatherCleanSwift.xcdatamodeld in Sources */ = {isa = PBXBuildFile; fileRef = 399B141728070DAF0020396D /* WeatherCleanSwift.xcdatamodeld */; };
		399B141B28070DB00020396D /* Assets.xcassets in Resources */ = {isa = PBXBuildFile; fileRef = 399B141A28070DB00020396D /* Assets.xcassets */; };
		399B141E28070DB00020396D /* LaunchScreen.storyboard in Resources */ = {isa = PBXBuildFile; fileRef = 399B141C28070DB00020396D /* LaunchScreen.storyboard */; };
		399B143328070DB10020396D /* WeatherCleanSwiftUITests.swift in Sources */ = {isa = PBXBuildFile; fileRef = 399B143228070DB10020396D /* WeatherCleanSwiftUITests.swift */; };
		399B143528070DB10020396D /* WeatherCleanSwiftUITestsLaunchTests.swift in Sources */ = {isa = PBXBuildFile; fileRef = 399B143428070DB10020396D /* WeatherCleanSwiftUITestsLaunchTests.swift */; };
		399B144B28071C380020396D /* MainScenePresenter.swift in Sources */ = {isa = PBXBuildFile; fileRef = 399B144328071C380020396D /* MainScenePresenter.swift */; };
		399B144C28071C380020396D /* MainSceneWorker.swift in Sources */ = {isa = PBXBuildFile; fileRef = 399B144428071C380020396D /* MainSceneWorker.swift */; };
		399B144D28071C380020396D /* MainSceneRouter.swift in Sources */ = {isa = PBXBuildFile; fileRef = 399B144528071C380020396D /* MainSceneRouter.swift */; };
		399B144E28071C380020396D /* MainSceneModels.swift in Sources */ = {isa = PBXBuildFile; fileRef = 399B144628071C380020396D /* MainSceneModels.swift */; };
		399B144F28071C380020396D /* MainSceneViewController.swift in Sources */ = {isa = PBXBuildFile; fileRef = 399B144728071C380020396D /* MainSceneViewController.swift */; };
		399B145028071C380020396D /* MainSceneProtocols.swift in Sources */ = {isa = PBXBuildFile; fileRef = 399B144828071C380020396D /* MainSceneProtocols.swift */; };
		399B145128071C380020396D /* MainSceneAssembly.swift in Sources */ = {isa = PBXBuildFile; fileRef = 399B144928071C380020396D /* MainSceneAssembly.swift */; };
		399B145228071C380020396D /* MainSceneInteractor.swift in Sources */ = {isa = PBXBuildFile; fileRef = 399B144A28071C380020396D /* MainSceneInteractor.swift */; };
		399B1454280815160020396D /* WeatherCell.swift in Sources */ = {isa = PBXBuildFile; fileRef = 399B1453280815160020396D /* WeatherCell.swift */; };
/* End PBXBuildFile section */

/* Begin PBXContainerItemProxy section */
		399B142528070DB10020396D /* PBXContainerItemProxy */ = {
			isa = PBXContainerItemProxy;
			containerPortal = 399B140328070DAF0020396D /* Project object */;
			proxyType = 1;
			remoteGlobalIDString = 399B140A28070DAF0020396D;
			remoteInfo = WeatherCleanSwift;
		};
		399B142F28070DB10020396D /* PBXContainerItemProxy */ = {
			isa = PBXContainerItemProxy;
			containerPortal = 399B140328070DAF0020396D /* Project object */;
			proxyType = 1;
			remoteGlobalIDString = 399B140A28070DAF0020396D;
			remoteInfo = WeatherCleanSwift;
		};
/* End PBXContainerItemProxy section */

/* Begin PBXFileReference section */
		391456592811942A0032B4E6 /* PresenterTests.swift */ = {isa = PBXFileReference; lastKnownFileType = sourcecode.swift; path = PresenterTests.swift; sourceTree = "<group>"; };
		3914565B281195BE0032B4E6 /* ViewControllerMock.swift */ = {isa = PBXFileReference; lastKnownFileType = sourcecode.swift; path = ViewControllerMock.swift; sourceTree = "<group>"; };
		3914565F281566E80032B4E6 /* InteractorTests.swift */ = {isa = PBXFileReference; lastKnownFileType = sourcecode.swift; path = InteractorTests.swift; sourceTree = "<group>"; };
		39145661281569B20032B4E6 /* PresenterMock.swift */ = {isa = PBXFileReference; lastKnownFileType = sourcecode.swift; path = PresenterMock.swift; sourceTree = "<group>"; };
		39145663281569C70032B4E6 /* WorkerMock.swift */ = {isa = PBXFileReference; lastKnownFileType = sourcecode.swift; path = WorkerMock.swift; sourceTree = "<group>"; };
		391456672816651E0032B4E6 /* ViewController.swift */ = {isa = PBXFileReference; fileEncoding = 4; lastKnownFileType = sourcecode.swift; name = ViewController.swift; path = ../../../../.Trash/ViewController.swift; sourceTree = "<group>"; };
		396AAD82280D3FC100A3B735 /* NetworkServiceProtocol.swift */ = {isa = PBXFileReference; lastKnownFileType = sourcecode.swift; path = NetworkServiceProtocol.swift; sourceTree = "<group>"; };
		396AAD89280EE01E00A3B735 /* MainSceneStorageManager.swift */ = {isa = PBXFileReference; lastKnownFileType = sourcecode.swift; path = MainSceneStorageManager.swift; sourceTree = "<group>"; };
		396AAD8C2811556700A3B735 /* WorkerTests.swift */ = {isa = PBXFileReference; lastKnownFileType = sourcecode.swift; path = WorkerTests.swift; sourceTree = "<group>"; };
		396AAD8E2811586800A3B735 /* StorageMock.swift */ = {isa = PBXFileReference; lastKnownFileType = sourcecode.swift; path = StorageMock.swift; sourceTree = "<group>"; };
		399B140B28070DAF0020396D /* WeatherCleanSwift.app */ = {isa = PBXFileReference; explicitFileType = wrapper.application; includeInIndex = 0; path = WeatherCleanSwift.app; sourceTree = BUILT_PRODUCTS_DIR; };
		399B140E28070DAF0020396D /* AppDelegate.swift */ = {isa = PBXFileReference; lastKnownFileType = sourcecode.swift; path = AppDelegate.swift; sourceTree = "<group>"; };
		399B141028070DAF0020396D /* SceneDelegate.swift */ = {isa = PBXFileReference; lastKnownFileType = sourcecode.swift; path = SceneDelegate.swift; sourceTree = "<group>"; };
		399B141828070DAF0020396D /* WeatherCleanSwift.xcdatamodel */ = {isa = PBXFileReference; lastKnownFileType = wrapper.xcdatamodel; path = WeatherCleanSwift.xcdatamodel; sourceTree = "<group>"; };
		399B141A28070DB00020396D /* Assets.xcassets */ = {isa = PBXFileReference; lastKnownFileType = folder.assetcatalog; path = Assets.xcassets; sourceTree = "<group>"; };
		399B141D28070DB00020396D /* Base */ = {isa = PBXFileReference; lastKnownFileType = file.storyboard; name = Base; path = Base.lproj/LaunchScreen.storyboard; sourceTree = "<group>"; };
		399B141F28070DB00020396D /* Info.plist */ = {isa = PBXFileReference; lastKnownFileType = text.plist.xml; path = Info.plist; sourceTree = "<group>"; };
		399B142428070DB10020396D /* WeatherCleanSwiftTests.xctest */ = {isa = PBXFileReference; explicitFileType = wrapper.cfbundle; includeInIndex = 0; path = WeatherCleanSwiftTests.xctest; sourceTree = BUILT_PRODUCTS_DIR; };
		399B142E28070DB10020396D /* WeatherCleanSwiftUITests.xctest */ = {isa = PBXFileReference; explicitFileType = wrapper.cfbundle; includeInIndex = 0; path = WeatherCleanSwiftUITests.xctest; sourceTree = BUILT_PRODUCTS_DIR; };
		399B143228070DB10020396D /* WeatherCleanSwiftUITests.swift */ = {isa = PBXFileReference; lastKnownFileType = sourcecode.swift; path = WeatherCleanSwiftUITests.swift; sourceTree = "<group>"; };
		399B143428070DB10020396D /* WeatherCleanSwiftUITestsLaunchTests.swift */ = {isa = PBXFileReference; lastKnownFileType = sourcecode.swift; path = WeatherCleanSwiftUITestsLaunchTests.swift; sourceTree = "<group>"; };
		399B144328071C380020396D /* MainScenePresenter.swift */ = {isa = PBXFileReference; lastKnownFileType = sourcecode.swift; path = MainScenePresenter.swift; sourceTree = "<group>"; };
		399B144428071C380020396D /* MainSceneWorker.swift */ = {isa = PBXFileReference; lastKnownFileType = sourcecode.swift; path = MainSceneWorker.swift; sourceTree = "<group>"; };
		399B144528071C380020396D /* MainSceneRouter.swift */ = {isa = PBXFileReference; lastKnownFileType = sourcecode.swift; path = MainSceneRouter.swift; sourceTree = "<group>"; };
		399B144628071C380020396D /* MainSceneModels.swift */ = {isa = PBXFileReference; lastKnownFileType = sourcecode.swift; path = MainSceneModels.swift; sourceTree = "<group>"; };
		399B144728071C380020396D /* MainSceneViewController.swift */ = {isa = PBXFileReference; lastKnownFileType = sourcecode.swift; path = MainSceneViewController.swift; sourceTree = "<group>"; };
		399B144828071C380020396D /* MainSceneProtocols.swift */ = {isa = PBXFileReference; lastKnownFileType = sourcecode.swift; path = MainSceneProtocols.swift; sourceTree = "<group>"; };
		399B144928071C380020396D /* MainSceneAssembly.swift */ = {isa = PBXFileReference; lastKnownFileType = sourcecode.swift; path = MainSceneAssembly.swift; sourceTree = "<group>"; };
		399B144A28071C380020396D /* MainSceneInteractor.swift */ = {isa = PBXFileReference; lastKnownFileType = sourcecode.swift; path = MainSceneInteractor.swift; sourceTree = "<group>"; };
		399B1453280815160020396D /* WeatherCell.swift */ = {isa = PBXFileReference; lastKnownFileType = sourcecode.swift; path = WeatherCell.swift; sourceTree = "<group>"; };
/* End PBXFileReference section */

/* Begin PBXFrameworksBuildPhase section */
		399B140828070DAF0020396D /* Frameworks */ = {
			isa = PBXFrameworksBuildPhase;
			buildActionMask = 2147483647;
			files = (
			);
			runOnlyForDeploymentPostprocessing = 0;
		};
		399B142128070DB10020396D /* Frameworks */ = {
			isa = PBXFrameworksBuildPhase;
			buildActionMask = 2147483647;
			files = (
			);
			runOnlyForDeploymentPostprocessing = 0;
		};
		399B142B28070DB10020396D /* Frameworks */ = {
			isa = PBXFrameworksBuildPhase;
			buildActionMask = 2147483647;
			files = (
			);
			runOnlyForDeploymentPostprocessing = 0;
		};
/* End PBXFrameworksBuildPhase section */

/* Begin PBXGroup section */
		39145665281664680032B4E6 /* Moks */ = {
			isa = PBXGroup;
			children = (
				396AAD8E2811586800A3B735 /* StorageMock.swift */,
				3914565B281195BE0032B4E6 /* ViewControllerMock.swift */,
				39145663281569C70032B4E6 /* WorkerMock.swift */,
				39145661281569B20032B4E6 /* PresenterMock.swift */,
			);
			path = Moks;
			sourceTree = "<group>";
		};
		391456662816649F0032B4E6 /* Resources */ = {
			isa = PBXGroup;
			children = (
				399B141028070DAF0020396D /* SceneDelegate.swift */,
				399B140E28070DAF0020396D /* AppDelegate.swift */,
				399B141A28070DB00020396D /* Assets.xcassets */,
				399B141C28070DB00020396D /* LaunchScreen.storyboard */,
				399B141728070DAF0020396D /* WeatherCleanSwift.xcdatamodeld */,
			);
			path = Resources;
			sourceTree = "<group>";
		};
		396AAD84280D419400A3B735 /* NetworkService */ = {
			isa = PBXGroup;
			children = (
				396AAD82280D3FC100A3B735 /* NetworkServiceProtocol.swift */,
			);
			path = NetworkService;
			sourceTree = "<group>";
		};
		396AAD88280EDFF600A3B735 /* StorageManagers */ = {
			isa = PBXGroup;
			children = (
				396AAD89280EE01E00A3B735 /* MainSceneStorageManager.swift */,
			);
			path = StorageManagers;
			sourceTree = "<group>";
		};
		399B140228070DAF0020396D = {
			isa = PBXGroup;
			children = (
				399B140D28070DAF0020396D /* WeatherCleanSwift */,
				399B142728070DB10020396D /* WeatherCleanSwiftTests */,
				399B143128070DB10020396D /* WeatherCleanSwiftUITests */,
				399B140C28070DAF0020396D /* Products */,
			);
			sourceTree = "<group>";
		};
		399B140C28070DAF0020396D /* Products */ = {
			isa = PBXGroup;
			children = (
				399B140B28070DAF0020396D /* WeatherCleanSwift.app */,
				399B142428070DB10020396D /* WeatherCleanSwiftTests.xctest */,
				399B142E28070DB10020396D /* WeatherCleanSwiftUITests.xctest */,
			);
			name = Products;
			sourceTree = "<group>";
		};
		399B140D28070DAF0020396D /* WeatherCleanSwift */ = {
			isa = PBXGroup;
			children = (
				399B1456280932700020396D /* SRC */,
				391456662816649F0032B4E6 /* Resources */,
				399B141F28070DB00020396D /* Info.plist */,
				391456672816651E0032B4E6 /* ViewController.swift */,
			);
			path = WeatherCleanSwift;
			sourceTree = "<group>";
		};
		399B142728070DB10020396D /* WeatherCleanSwiftTests */ = {
			isa = PBXGroup;
			children = (
				396AAD8C2811556700A3B735 /* WorkerTests.swift */,
				391456592811942A0032B4E6 /* PresenterTests.swift */,
				3914565F281566E80032B4E6 /* InteractorTests.swift */,
				39145665281664680032B4E6 /* Moks */,
			);
			path = WeatherCleanSwiftTests;
			sourceTree = "<group>";
		};
		399B143128070DB10020396D /* WeatherCleanSwiftUITests */ = {
			isa = PBXGroup;
			children = (
				399B143228070DB10020396D /* WeatherCleanSwiftUITests.swift */,
				399B143428070DB10020396D /* WeatherCleanSwiftUITestsLaunchTests.swift */,
			);
			path = WeatherCleanSwiftUITests;
			sourceTree = "<group>";
		};
		399B1455280931CC0020396D /* Scene Cell */ = {
			isa = PBXGroup;
			children = (
				399B1453280815160020396D /* WeatherCell.swift */,
			);
			path = "Scene Cell";
			sourceTree = "<group>";
		};
		399B1456280932700020396D /* SRC */ = {
			isa = PBXGroup;
			children = (
				396AAD88280EDFF600A3B735 /* StorageManagers */,
				396AAD84280D419400A3B735 /* NetworkService */,
				399B1457280932980020396D /* MainScene */,
			);
			path = SRC;
			sourceTree = "<group>";
		};
		399B1457280932980020396D /* MainScene */ = {
			isa = PBXGroup;
			children = (
				399B144728071C380020396D /* MainSceneViewController.swift */,
				399B144A28071C380020396D /* MainSceneInteractor.swift */,
				399B144328071C380020396D /* MainScenePresenter.swift */,
				399B144428071C380020396D /* MainSceneWorker.swift */,
				399B144528071C380020396D /* MainSceneRouter.swift */,
				399B144628071C380020396D /* MainSceneModels.swift */,
				399B144928071C380020396D /* MainSceneAssembly.swift */,
				399B145A2809330B0020396D /* Protocols */,
				399B1455280931CC0020396D /* Scene Cell */,
			);
			path = MainScene;
			sourceTree = "<group>";
		};
		399B145A2809330B0020396D /* Protocols */ = {
			isa = PBXGroup;
			children = (
				399B144828071C380020396D /* MainSceneProtocols.swift */,
			);
			path = Protocols;
			sourceTree = "<group>";
		};
/* End PBXGroup section */

/* Begin PBXNativeTarget section */
		399B140A28070DAF0020396D /* WeatherCleanSwift */ = {
			isa = PBXNativeTarget;
			buildConfigurationList = 399B143828070DB10020396D /* Build configuration list for PBXNativeTarget "WeatherCleanSwift" */;
			buildPhases = (
				399B140728070DAF0020396D /* Sources */,
				399B140828070DAF0020396D /* Frameworks */,
				399B140928070DAF0020396D /* Resources */,
				3914565D281278640032B4E6 /* ShellScript */,
			);
			buildRules = (
			);
			dependencies = (
			);
			name = WeatherCleanSwift;
			productName = WeatherCleanSwift;
			productReference = 399B140B28070DAF0020396D /* WeatherCleanSwift.app */;
			productType = "com.apple.product-type.application";
		};
		399B142328070DB10020396D /* WeatherCleanSwiftTests */ = {
			isa = PBXNativeTarget;
			buildConfigurationList = 399B143B28070DB10020396D /* Build configuration list for PBXNativeTarget "WeatherCleanSwiftTests" */;
			buildPhases = (
				399B142028070DB10020396D /* Sources */,
				399B142128070DB10020396D /* Frameworks */,
				399B142228070DB10020396D /* Resources */,
			);
			buildRules = (
			);
			dependencies = (
				399B142628070DB10020396D /* PBXTargetDependency */,
			);
			name = WeatherCleanSwiftTests;
			productName = WeatherCleanSwiftTests;
			productReference = 399B142428070DB10020396D /* WeatherCleanSwiftTests.xctest */;
			productType = "com.apple.product-type.bundle.unit-test";
		};
		399B142D28070DB10020396D /* WeatherCleanSwiftUITests */ = {
			isa = PBXNativeTarget;
			buildConfigurationList = 399B143E28070DB10020396D /* Build configuration list for PBXNativeTarget "WeatherCleanSwiftUITests" */;
			buildPhases = (
				399B142A28070DB10020396D /* Sources */,
				399B142B28070DB10020396D /* Frameworks */,
				399B142C28070DB10020396D /* Resources */,
			);
			buildRules = (
			);
			dependencies = (
				399B143028070DB10020396D /* PBXTargetDependency */,
			);
			name = WeatherCleanSwiftUITests;
			productName = WeatherCleanSwiftUITests;
			productReference = 399B142E28070DB10020396D /* WeatherCleanSwiftUITests.xctest */;
			productType = "com.apple.product-type.bundle.ui-testing";
		};
/* End PBXNativeTarget section */

/* Begin PBXProject section */
		399B140328070DAF0020396D /* Project object */ = {
			isa = PBXProject;
			attributes = {
				BuildIndependentTargetsInParallel = 1;
				LastSwiftUpdateCheck = 1320;
				LastUpgradeCheck = 1320;
				TargetAttributes = {
					399B140A28070DAF0020396D = {
						CreatedOnToolsVersion = 13.2.1;
					};
					399B142328070DB10020396D = {
						CreatedOnToolsVersion = 13.2.1;
						TestTargetID = 399B140A28070DAF0020396D;
					};
					399B142D28070DB10020396D = {
						CreatedOnToolsVersion = 13.2.1;
						TestTargetID = 399B140A28070DAF0020396D;
					};
				};
			};
			buildConfigurationList = 399B140628070DAF0020396D /* Build configuration list for PBXProject "WeatherCleanSwift" */;
			compatibilityVersion = "Xcode 13.0";
			developmentRegion = en;
			hasScannedForEncodings = 0;
			knownRegions = (
				en,
				Base,
			);
			mainGroup = 399B140228070DAF0020396D;
			productRefGroup = 399B140C28070DAF0020396D /* Products */;
			projectDirPath = "";
			projectRoot = "";
			targets = (
				399B140A28070DAF0020396D /* WeatherCleanSwift */,
				399B142328070DB10020396D /* WeatherCleanSwiftTests */,
				399B142D28070DB10020396D /* WeatherCleanSwiftUITests */,
			);
		};
/* End PBXProject section */

/* Begin PBXResourcesBuildPhase section */
		399B140928070DAF0020396D /* Resources */ = {
			isa = PBXResourcesBuildPhase;
			buildActionMask = 2147483647;
			files = (
				399B141E28070DB00020396D /* LaunchScreen.storyboard in Resources */,
				399B141B28070DB00020396D /* Assets.xcassets in Resources */,
			);
			runOnlyForDeploymentPostprocessing = 0;
		};
		399B142228070DB10020396D /* Resources */ = {
			isa = PBXResourcesBuildPhase;
			buildActionMask = 2147483647;
			files = (
			);
			runOnlyForDeploymentPostprocessing = 0;
		};
		399B142C28070DB10020396D /* Resources */ = {
			isa = PBXResourcesBuildPhase;
			buildActionMask = 2147483647;
			files = (
			);
			runOnlyForDeploymentPostprocessing = 0;
		};
/* End PBXResourcesBuildPhase section */

/* Begin PBXShellScriptBuildPhase section */
		3914565D281278640032B4E6 /* ShellScript */ = {
			isa = PBXShellScriptBuildPhase;
			buildActionMask = 2147483647;
			files = (
			);
			inputFileListPaths = (
			);
			inputPaths = (
			);
			outputFileListPaths = (
			);
			outputPaths = (
			);
			runOnlyForDeploymentPostprocessing = 0;
			shellPath = /bin/sh;
			shellScript = "expectedVersion='0.42.0'\nversion=$(swiftlint version)\n\nif [ \"$version\" != \"$expectedVersion\" ]\nthen\n  echo 'error: Не установлен SwiftLint требуемой версии '$expectedVersion'. Ваши правки могут не пройти пайплайны. Нужный SwiftLint можно установить используя инструкцию http://wiki.corp.dev.vtb/pages/viewpage.action?pageId=287924307.'\nelse\n  swiftlint --config ../.swiftlint.yml  --path ..\nfi\n";
		};
/* End PBXShellScriptBuildPhase section */

/* Begin PBXSourcesBuildPhase section */
		399B140728070DAF0020396D /* Sources */ = {
			isa = PBXSourcesBuildPhase;
			buildActionMask = 2147483647;
			files = (
				391456682816651E0032B4E6 /* ViewController.swift in Sources */,
				399B144D28071C380020396D /* MainSceneRouter.swift in Sources */,
				399B145228071C380020396D /* MainSceneInteractor.swift in Sources */,
				399B144F28071C380020396D /* MainSceneViewController.swift in Sources */,
				399B1454280815160020396D /* WeatherCell.swift in Sources */,
				399B140F28070DAF0020396D /* AppDelegate.swift in Sources */,
				399B145128071C380020396D /* MainSceneAssembly.swift in Sources */,
				399B141928070DAF0020396D /* WeatherCleanSwift.xcdatamodeld in Sources */,
				399B144C28071C380020396D /* MainSceneWorker.swift in Sources */,
				399B141128070DAF0020396D /* SceneDelegate.swift in Sources */,
				396AAD83280D3FC100A3B735 /* NetworkServiceProtocol.swift in Sources */,
				399B144B28071C380020396D /* MainScenePresenter.swift in Sources */,
				396AAD8A280EE01E00A3B735 /* MainSceneStorageManager.swift in Sources */,
				399B144E28071C380020396D /* MainSceneModels.swift in Sources */,
				399B145028071C380020396D /* MainSceneProtocols.swift in Sources */,
			);
			runOnlyForDeploymentPostprocessing = 0;
		};
		399B142028070DB10020396D /* Sources */ = {
			isa = PBXSourcesBuildPhase;
			buildActionMask = 2147483647;
			files = (
				396AAD8D2811556700A3B735 /* WorkerTests.swift in Sources */,
				39145660281566E80032B4E6 /* InteractorTests.swift in Sources */,
				39145662281569B20032B4E6 /* PresenterMock.swift in Sources */,
				3914565A2811942A0032B4E6 /* PresenterTests.swift in Sources */,
				3914565C281195BE0032B4E6 /* ViewControllerMock.swift in Sources */,
				396AAD8F2811586800A3B735 /* StorageMock.swift in Sources */,
				39145664281569C70032B4E6 /* WorkerMock.swift in Sources */,
			);
			runOnlyForDeploymentPostprocessing = 0;
		};
		399B142A28070DB10020396D /* Sources */ = {
			isa = PBXSourcesBuildPhase;
			buildActionMask = 2147483647;
			files = (
				399B143328070DB10020396D /* WeatherCleanSwiftUITests.swift in Sources */,
				399B143528070DB10020396D /* WeatherCleanSwiftUITestsLaunchTests.swift in Sources */,
			);
			runOnlyForDeploymentPostprocessing = 0;
		};
/* End PBXSourcesBuildPhase section */

/* Begin PBXTargetDependency section */
		399B142628070DB10020396D /* PBXTargetDependency */ = {
			isa = PBXTargetDependency;
			target = 399B140A28070DAF0020396D /* WeatherCleanSwift */;
			targetProxy = 399B142528070DB10020396D /* PBXContainerItemProxy */;
		};
		399B143028070DB10020396D /* PBXTargetDependency */ = {
			isa = PBXTargetDependency;
			target = 399B140A28070DAF0020396D /* WeatherCleanSwift */;
			targetProxy = 399B142F28070DB10020396D /* PBXContainerItemProxy */;
		};
/* End PBXTargetDependency section */

/* Begin PBXVariantGroup section */
		399B141C28070DB00020396D /* LaunchScreen.storyboard */ = {
			isa = PBXVariantGroup;
			children = (
				399B141D28070DB00020396D /* Base */,
			);
			name = LaunchScreen.storyboard;
			sourceTree = "<group>";
		};
/* End PBXVariantGroup section */

/* Begin XCBuildConfiguration section */
		399B143628070DB10020396D /* Debug */ = {
			isa = XCBuildConfiguration;
			buildSettings = {
				ALWAYS_SEARCH_USER_PATHS = NO;
				CLANG_ANALYZER_NONNULL = YES;
				CLANG_ANALYZER_NUMBER_OBJECT_CONVERSION = YES_AGGRESSIVE;
				CLANG_CXX_LANGUAGE_STANDARD = "gnu++17";
				CLANG_CXX_LIBRARY = "libc++";
				CLANG_ENABLE_MODULES = YES;
				CLANG_ENABLE_OBJC_ARC = YES;
				CLANG_ENABLE_OBJC_WEAK = YES;
				CLANG_WARN_BLOCK_CAPTURE_AUTORELEASING = YES;
				CLANG_WARN_BOOL_CONVERSION = YES;
				CLANG_WARN_COMMA = YES;
				CLANG_WARN_CONSTANT_CONVERSION = YES;
				CLANG_WARN_DEPRECATED_OBJC_IMPLEMENTATIONS = YES;
				CLANG_WARN_DIRECT_OBJC_ISA_USAGE = YES_ERROR;
				CLANG_WARN_DOCUMENTATION_COMMENTS = YES;
				CLANG_WARN_EMPTY_BODY = YES;
				CLANG_WARN_ENUM_CONVERSION = YES;
				CLANG_WARN_INFINITE_RECURSION = YES;
				CLANG_WARN_INT_CONVERSION = YES;
				CLANG_WARN_NON_LITERAL_NULL_CONVERSION = YES;
				CLANG_WARN_OBJC_IMPLICIT_RETAIN_SELF = YES;
				CLANG_WARN_OBJC_LITERAL_CONVERSION = YES;
				CLANG_WARN_OBJC_ROOT_CLASS = YES_ERROR;
				CLANG_WARN_QUOTED_INCLUDE_IN_FRAMEWORK_HEADER = YES;
				CLANG_WARN_RANGE_LOOP_ANALYSIS = YES;
				CLANG_WARN_STRICT_PROTOTYPES = YES;
				CLANG_WARN_SUSPICIOUS_MOVE = YES;
				CLANG_WARN_UNGUARDED_AVAILABILITY = YES_AGGRESSIVE;
				CLANG_WARN_UNREACHABLE_CODE = YES;
				CLANG_WARN__DUPLICATE_METHOD_MATCH = YES;
				COPY_PHASE_STRIP = NO;
				DEBUG_INFORMATION_FORMAT = dwarf;
				ENABLE_STRICT_OBJC_MSGSEND = YES;
				ENABLE_TESTABILITY = YES;
				GCC_C_LANGUAGE_STANDARD = gnu11;
				GCC_DYNAMIC_NO_PIC = NO;
				GCC_NO_COMMON_BLOCKS = YES;
				GCC_OPTIMIZATION_LEVEL = 0;
				GCC_PREPROCESSOR_DEFINITIONS = (
					"DEBUG=1",
					"$(inherited)",
				);
				GCC_WARN_64_TO_32_BIT_CONVERSION = YES;
				GCC_WARN_ABOUT_RETURN_TYPE = YES_ERROR;
				GCC_WARN_UNDECLARED_SELECTOR = YES;
				GCC_WARN_UNINITIALIZED_AUTOS = YES_AGGRESSIVE;
				GCC_WARN_UNUSED_FUNCTION = YES;
				GCC_WARN_UNUSED_VARIABLE = YES;
				IPHONEOS_DEPLOYMENT_TARGET = 15.2;
				MTL_ENABLE_DEBUG_INFO = INCLUDE_SOURCE;
				MTL_FAST_MATH = YES;
				ONLY_ACTIVE_ARCH = YES;
				SDKROOT = iphoneos;
				SWIFT_ACTIVE_COMPILATION_CONDITIONS = DEBUG;
				SWIFT_OPTIMIZATION_LEVEL = "-Onone";
			};
			name = Debug;
		};
		399B143728070DB10020396D /* Release */ = {
			isa = XCBuildConfiguration;
			buildSettings = {
				ALWAYS_SEARCH_USER_PATHS = NO;
				CLANG_ANALYZER_NONNULL = YES;
				CLANG_ANALYZER_NUMBER_OBJECT_CONVERSION = YES_AGGRESSIVE;
				CLANG_CXX_LANGUAGE_STANDARD = "gnu++17";
				CLANG_CXX_LIBRARY = "libc++";
				CLANG_ENABLE_MODULES = YES;
				CLANG_ENABLE_OBJC_ARC = YES;
				CLANG_ENABLE_OBJC_WEAK = YES;
				CLANG_WARN_BLOCK_CAPTURE_AUTORELEASING = YES;
				CLANG_WARN_BOOL_CONVERSION = YES;
				CLANG_WARN_COMMA = YES;
				CLANG_WARN_CONSTANT_CONVERSION = YES;
				CLANG_WARN_DEPRECATED_OBJC_IMPLEMENTATIONS = YES;
				CLANG_WARN_DIRECT_OBJC_ISA_USAGE = YES_ERROR;
				CLANG_WARN_DOCUMENTATION_COMMENTS = YES;
				CLANG_WARN_EMPTY_BODY = YES;
				CLANG_WARN_ENUM_CONVERSION = YES;
				CLANG_WARN_INFINITE_RECURSION = YES;
				CLANG_WARN_INT_CONVERSION = YES;
				CLANG_WARN_NON_LITERAL_NULL_CONVERSION = YES;
				CLANG_WARN_OBJC_IMPLICIT_RETAIN_SELF = YES;
				CLANG_WARN_OBJC_LITERAL_CONVERSION = YES;
				CLANG_WARN_OBJC_ROOT_CLASS = YES_ERROR;
				CLANG_WARN_QUOTED_INCLUDE_IN_FRAMEWORK_HEADER = YES;
				CLANG_WARN_RANGE_LOOP_ANALYSIS = YES;
				CLANG_WARN_STRICT_PROTOTYPES = YES;
				CLANG_WARN_SUSPICIOUS_MOVE = YES;
				CLANG_WARN_UNGUARDED_AVAILABILITY = YES_AGGRESSIVE;
				CLANG_WARN_UNREACHABLE_CODE = YES;
				CLANG_WARN__DUPLICATE_METHOD_MATCH = YES;
				COPY_PHASE_STRIP = NO;
				DEBUG_INFORMATION_FORMAT = "dwarf-with-dsym";
				ENABLE_NS_ASSERTIONS = NO;
				ENABLE_STRICT_OBJC_MSGSEND = YES;
				GCC_C_LANGUAGE_STANDARD = gnu11;
				GCC_NO_COMMON_BLOCKS = YES;
				GCC_WARN_64_TO_32_BIT_CONVERSION = YES;
				GCC_WARN_ABOUT_RETURN_TYPE = YES_ERROR;
				GCC_WARN_UNDECLARED_SELECTOR = YES;
				GCC_WARN_UNINITIALIZED_AUTOS = YES_AGGRESSIVE;
				GCC_WARN_UNUSED_FUNCTION = YES;
				GCC_WARN_UNUSED_VARIABLE = YES;
				IPHONEOS_DEPLOYMENT_TARGET = 15.2;
				MTL_ENABLE_DEBUG_INFO = NO;
				MTL_FAST_MATH = YES;
				SDKROOT = iphoneos;
				SWIFT_COMPILATION_MODE = wholemodule;
				SWIFT_OPTIMIZATION_LEVEL = "-O";
				VALIDATE_PRODUCT = YES;
			};
			name = Release;
		};
		399B143928070DB10020396D /* Debug */ = {
			isa = XCBuildConfiguration;
			buildSettings = {
				ASSETCATALOG_COMPILER_APPICON_NAME = AppIcon;
				ASSETCATALOG_COMPILER_GLOBAL_ACCENT_COLOR_NAME = AccentColor;
				CODE_SIGN_STYLE = Automatic;
				CURRENT_PROJECT_VERSION = 1;
				GENERATE_INFOPLIST_FILE = YES;
				INFOPLIST_FILE = WeatherCleanSwift/Info.plist;
				INFOPLIST_KEY_UIApplicationSupportsIndirectInputEvents = YES;
				INFOPLIST_KEY_UILaunchStoryboardName = LaunchScreen;
				INFOPLIST_KEY_UISupportedInterfaceOrientations_iPad = "UIInterfaceOrientationPortrait UIInterfaceOrientationPortraitUpsideDown UIInterfaceOrientationLandscapeLeft UIInterfaceOrientationLandscapeRight";
				INFOPLIST_KEY_UISupportedInterfaceOrientations_iPhone = "UIInterfaceOrientationPortrait UIInterfaceOrientationLandscapeLeft UIInterfaceOrientationLandscapeRight";
				LD_RUNPATH_SEARCH_PATHS = (
					"$(inherited)",
					"@executable_path/Frameworks",
				);
				MARKETING_VERSION = 1.0;
				PRODUCT_BUNDLE_IDENTIFIER = bsc.WeatherCleanSwift;
				PRODUCT_NAME = "$(TARGET_NAME)";
				SWIFT_EMIT_LOC_STRINGS = YES;
				SWIFT_VERSION = 5.0;
				TARGETED_DEVICE_FAMILY = "1,2";
			};
			name = Debug;
		};
		399B143A28070DB10020396D /* Release */ = {
			isa = XCBuildConfiguration;
			buildSettings = {
				ASSETCATALOG_COMPILER_APPICON_NAME = AppIcon;
				ASSETCATALOG_COMPILER_GLOBAL_ACCENT_COLOR_NAME = AccentColor;
				CODE_SIGN_STYLE = Automatic;
				CURRENT_PROJECT_VERSION = 1;
				GENERATE_INFOPLIST_FILE = YES;
				INFOPLIST_FILE = WeatherCleanSwift/Info.plist;
				INFOPLIST_KEY_UIApplicationSupportsIndirectInputEvents = YES;
				INFOPLIST_KEY_UILaunchStoryboardName = LaunchScreen;
				INFOPLIST_KEY_UISupportedInterfaceOrientations_iPad = "UIInterfaceOrientationPortrait UIInterfaceOrientationPortraitUpsideDown UIInterfaceOrientationLandscapeLeft UIInterfaceOrientationLandscapeRight";
				INFOPLIST_KEY_UISupportedInterfaceOrientations_iPhone = "UIInterfaceOrientationPortrait UIInterfaceOrientationLandscapeLeft UIInterfaceOrientationLandscapeRight";
				LD_RUNPATH_SEARCH_PATHS = (
					"$(inherited)",
					"@executable_path/Frameworks",
				);
				MARKETING_VERSION = 1.0;
				PRODUCT_BUNDLE_IDENTIFIER = bsc.WeatherCleanSwift;
				PRODUCT_NAME = "$(TARGET_NAME)";
				SWIFT_EMIT_LOC_STRINGS = YES;
				SWIFT_VERSION = 5.0;
				TARGETED_DEVICE_FAMILY = "1,2";
			};
			name = Release;
		};
		399B143C28070DB10020396D /* Debug */ = {
			isa = XCBuildConfiguration;
			buildSettings = {
				ALWAYS_EMBED_SWIFT_STANDARD_LIBRARIES = YES;
				BUNDLE_LOADER = "$(TEST_HOST)";
				CODE_SIGN_STYLE = Automatic;
				CURRENT_PROJECT_VERSION = 1;
				GENERATE_INFOPLIST_FILE = YES;
				IPHONEOS_DEPLOYMENT_TARGET = 15.2;
				MARKETING_VERSION = 1.0;
				PRODUCT_BUNDLE_IDENTIFIER = bsc.WeatherCleanSwiftTests;
				PRODUCT_NAME = "$(TARGET_NAME)";
				SWIFT_EMIT_LOC_STRINGS = NO;
				SWIFT_VERSION = 5.0;
				TARGETED_DEVICE_FAMILY = "1,2";
				TEST_HOST = "$(BUILT_PRODUCTS_DIR)/WeatherCleanSwift.app/WeatherCleanSwift";
			};
			name = Debug;
		};
		399B143D28070DB10020396D /* Release */ = {
			isa = XCBuildConfiguration;
			buildSettings = {
				ALWAYS_EMBED_SWIFT_STANDARD_LIBRARIES = YES;
				BUNDLE_LOADER = "$(TEST_HOST)";
				CODE_SIGN_STYLE = Automatic;
				CURRENT_PROJECT_VERSION = 1;
				GENERATE_INFOPLIST_FILE = YES;
				IPHONEOS_DEPLOYMENT_TARGET = 15.2;
				MARKETING_VERSION = 1.0;
				PRODUCT_BUNDLE_IDENTIFIER = bsc.WeatherCleanSwiftTests;
				PRODUCT_NAME = "$(TARGET_NAME)";
				SWIFT_EMIT_LOC_STRINGS = NO;
				SWIFT_VERSION = 5.0;
				TARGETED_DEVICE_FAMILY = "1,2";
				TEST_HOST = "$(BUILT_PRODUCTS_DIR)/WeatherCleanSwift.app/WeatherCleanSwift";
			};
			name = Release;
		};
		399B143F28070DB10020396D /* Debug */ = {
			isa = XCBuildConfiguration;
			buildSettings = {
				ALWAYS_EMBED_SWIFT_STANDARD_LIBRARIES = YES;
				CODE_SIGN_STYLE = Automatic;
				CURRENT_PROJECT_VERSION = 1;
				GENERATE_INFOPLIST_FILE = YES;
				MARKETING_VERSION = 1.0;
				PRODUCT_BUNDLE_IDENTIFIER = bsc.WeatherCleanSwiftUITests;
				PRODUCT_NAME = "$(TARGET_NAME)";
				SWIFT_EMIT_LOC_STRINGS = NO;
				SWIFT_VERSION = 5.0;
				TARGETED_DEVICE_FAMILY = "1,2";
				TEST_TARGET_NAME = WeatherCleanSwift;
			};
			name = Debug;
		};
		399B144028070DB10020396D /* Release */ = {
			isa = XCBuildConfiguration;
			buildSettings = {
				ALWAYS_EMBED_SWIFT_STANDARD_LIBRARIES = YES;
				CODE_SIGN_STYLE = Automatic;
				CURRENT_PROJECT_VERSION = 1;
				GENERATE_INFOPLIST_FILE = YES;
				MARKETING_VERSION = 1.0;
				PRODUCT_BUNDLE_IDENTIFIER = bsc.WeatherCleanSwiftUITests;
				PRODUCT_NAME = "$(TARGET_NAME)";
				SWIFT_EMIT_LOC_STRINGS = NO;
				SWIFT_VERSION = 5.0;
				TARGETED_DEVICE_FAMILY = "1,2";
				TEST_TARGET_NAME = WeatherCleanSwift;
			};
			name = Release;
		};
/* End XCBuildConfiguration section */

/* Begin XCConfigurationList section */
		399B140628070DAF0020396D /* Build configuration list for PBXProject "WeatherCleanSwift" */ = {
			isa = XCConfigurationList;
			buildConfigurations = (
				399B143628070DB10020396D /* Debug */,
				399B143728070DB10020396D /* Release */,
			);
			defaultConfigurationIsVisible = 0;
			defaultConfigurationName = Release;
		};
		399B143828070DB10020396D /* Build configuration list for PBXNativeTarget "WeatherCleanSwift" */ = {
			isa = XCConfigurationList;
			buildConfigurations = (
				399B143928070DB10020396D /* Debug */,
				399B143A28070DB10020396D /* Release */,
			);
			defaultConfigurationIsVisible = 0;
			defaultConfigurationName = Release;
		};
		399B143B28070DB10020396D /* Build configuration list for PBXNativeTarget "WeatherCleanSwiftTests" */ = {
			isa = XCConfigurationList;
			buildConfigurations = (
				399B143C28070DB10020396D /* Debug */,
				399B143D28070DB10020396D /* Release */,
			);
			defaultConfigurationIsVisible = 0;
			defaultConfigurationName = Release;
		};
		399B143E28070DB10020396D /* Build configuration list for PBXNativeTarget "WeatherCleanSwiftUITests" */ = {
			isa = XCConfigurationList;
			buildConfigurations = (
				399B143F28070DB10020396D /* Debug */,
				399B144028070DB10020396D /* Release */,
			);
			defaultConfigurationIsVisible = 0;
			defaultConfigurationName = Release;
		};
/* End XCConfigurationList section */

/* Begin XCVersionGroup section */
		399B141728070DAF0020396D /* WeatherCleanSwift.xcdatamodeld */ = {
			isa = XCVersionGroup;
			children = (
				399B141828070DAF0020396D /* WeatherCleanSwift.xcdatamodel */,
			);
			currentVersion = 399B141828070DAF0020396D /* WeatherCleanSwift.xcdatamodel */;
			path = WeatherCleanSwift.xcdatamodeld;
			sourceTree = "<group>";
			versionGroupType = wrapper.xcdatamodel;
		};
/* End XCVersionGroup section */
	};
	rootObject = 399B140328070DAF0020396D /* Project object */;
}
